// !$*UTF8*$!
{
	archiveVersion = 1;
	classes = {
	};
	objectVersion = 48;
	objects = {

/* Begin PBXBuildFile section */
		E63EDDC1210029B800373BF4 /* Hello.framework in Frameworks */ = {isa = PBXBuildFile; fileRef = E63EDDC0210029B800373BF4 /* Hello.framework */; };
		E69A6D6E20FF1627008C8C56 /* AppDelegate.swift in Sources */ = {isa = PBXBuildFile; fileRef = E69A6D6D20FF1627008C8C56 /* AppDelegate.swift */; };
		E69A6D7020FF1627008C8C56 /* ViewController.swift in Sources */ = {isa = PBXBuildFile; fileRef = E69A6D6F20FF1627008C8C56 /* ViewController.swift */; };
		E69A6D7320FF1627008C8C56 /* Main.storyboard in Resources */ = {isa = PBXBuildFile; fileRef = E69A6D7120FF1627008C8C56 /* Main.storyboard */; };
		E69A6D7520FF1627008C8C56 /* Assets.xcassets in Resources */ = {isa = PBXBuildFile; fileRef = E69A6D7420FF1627008C8C56 /* Assets.xcassets */; };
		E69A6D7820FF1627008C8C56 /* LaunchScreen.storyboard in Resources */ = {isa = PBXBuildFile; fileRef = E69A6D7620FF1627008C8C56 /* LaunchScreen.storyboard */; };
/* End PBXBuildFile section */

/* Begin PBXFileReference section */
		E63EDDBD20FF637100373BF4 /* HelloWorldCallback.app */ = {isa = PBXFileReference; explicitFileType = wrapper.application; includeInIndex = 0; name = HelloWorldCallback.app; path = "/Users/yajun/XcodeWorkSpace/HelloWorldCallback/build/Debug-iphoneos/HelloWorldCallback.app"; sourceTree = "<absolute>"; };
		E63EDDC0210029B800373BF4 /* Hello.framework */ = {isa = PBXFileReference; lastKnownFileType = wrapper.framework; path = Hello.framework; sourceTree = "<group>"; };
		E69A6D6D20FF1627008C8C56 /* AppDelegate.swift */ = {isa = PBXFileReference; lastKnownFileType = sourcecode.swift; path = AppDelegate.swift; sourceTree = "<group>"; };
		E69A6D6F20FF1627008C8C56 /* ViewController.swift */ = {isa = PBXFileReference; lastKnownFileType = sourcecode.swift; path = ViewController.swift; sourceTree = "<group>"; };
		E69A6D7220FF1627008C8C56 /* Base */ = {isa = PBXFileReference; lastKnownFileType = file.storyboard; name = Base; path = Base.lproj/Main.storyboard; sourceTree = "<group>"; };
		E69A6D7420FF1627008C8C56 /* Assets.xcassets */ = {isa = PBXFileReference; lastKnownFileType = folder.assetcatalog; path = Assets.xcassets; sourceTree = "<group>"; };
		E69A6D7720FF1627008C8C56 /* Base */ = {isa = PBXFileReference; lastKnownFileType = file.storyboard; name = Base; path = Base.lproj/LaunchScreen.storyboard; sourceTree = "<group>"; };
		E69A6D7920FF1627008C8C56 /* Info.plist */ = {isa = PBXFileReference; lastKnownFileType = text.plist.xml; path = Info.plist; sourceTree = "<group>"; };
/* End PBXFileReference section */

/* Begin PBXFrameworksBuildPhase section */
		E69A6D6720FF1627008C8C56 /* Frameworks */ = {
			isa = PBXFrameworksBuildPhase;
			buildActionMask = 2147483647;
			files = (
				E63EDDC1210029B800373BF4 /* Hello.framework in Frameworks */,
			);
			runOnlyForDeploymentPostprocessing = 0;
		};
/* End PBXFrameworksBuildPhase section */

/* Begin PBXGroup section */
		E69A6D6120FF1627008C8C56 = {
			isa = PBXGroup;
			children = (
				E63EDDC0210029B800373BF4 /* Hello.framework */,
				E69A6D6C20FF1627008C8C56 /* HelloWorldCallback */,
			);
			sourceTree = "<group>";
		};
		E69A6D6C20FF1627008C8C56 /* HelloWorldCallback */ = {
			isa = PBXGroup;
			children = (
				E69A6D6D20FF1627008C8C56 /* AppDelegate.swift */,
				E69A6D6F20FF1627008C8C56 /* ViewController.swift */,
				E69A6D7120FF1627008C8C56 /* Main.storyboard */,
				E69A6D7420FF1627008C8C56 /* Assets.xcassets */,
				E69A6D7620FF1627008C8C56 /* LaunchScreen.storyboard */,
				E69A6D7920FF1627008C8C56 /* Info.plist */,
			);
			path = HelloWorldCallback;
			sourceTree = "<group>";
		};
/* End PBXGroup section */

/* Begin PBXNativeTarget section */
		E69A6D6920FF1627008C8C56 /* HelloWorldCallback */ = {
			isa = PBXNativeTarget;
			buildConfigurationList = E69A6D7C20FF1627008C8C56 /* Build configuration list for PBXNativeTarget "HelloWorldCallback" */;
			buildPhases = (
				E69A6D6620FF1627008C8C56 /* Sources */,
				E69A6D6720FF1627008C8C56 /* Frameworks */,
				E69A6D6820FF1627008C8C56 /* Resources */,
			);
			buildRules = (
			);
			dependencies = (
			);
			name = HelloWorldCallback;
			productName = HelloWorldCallback;
			productReference = E63EDDBD20FF637100373BF4 /* HelloWorldCallback.app */;
			productType = "com.apple.product-type.application";
		};
/* End PBXNativeTarget section */

/* Begin PBXProject section */
		E69A6D6220FF1627008C8C56 /* Project object */ = {
			isa = PBXProject;
			attributes = {
				LastSwiftUpdateCheck = 0920;
				LastUpgradeCheck = 0920;
				ORGANIZATIONNAME = ising99;
				TargetAttributes = {
					E69A6D6920FF1627008C8C56 = {
						CreatedOnToolsVersion = 9.2;
						ProvisioningStyle = Automatic;
					};
				};
			};
			buildConfigurationList = E69A6D6520FF1627008C8C56 /* Build configuration list for PBXProject "HelloWorldCallback" */;
			compatibilityVersion = "Xcode 8.0";
			developmentRegion = en;
			hasScannedForEncodings = 0;
			knownRegions = (
				en,
				Base,
			);
			mainGroup = E69A6D6120FF1627008C8C56;
			productRefGroup = E69A6D6120FF1627008C8C56;
			projectDirPath = "";
			projectRoot = "";
			targets = (
				E69A6D6920FF1627008C8C56 /* HelloWorldCallback */,
			);
		};
/* End PBXProject section */

/* Begin PBXResourcesBuildPhase section */
		E69A6D6820FF1627008C8C56 /* Resources */ = {
			isa = PBXResourcesBuildPhase;
			buildActionMask = 2147483647;
			files = (
				E69A6D7820FF1627008C8C56 /* LaunchScreen.storyboard in Resources */,
				E69A6D7520FF1627008C8C56 /* Assets.xcassets in Resources */,
				E69A6D7320FF1627008C8C56 /* Main.storyboard in Resources */,
			);
			runOnlyForDeploymentPostprocessing = 0;
		};
/* End PBXResourcesBuildPhase section */

/* Begin PBXSourcesBuildPhase section */
		E69A6D6620FF1627008C8C56 /* Sources */ = {
			isa = PBXSourcesBuildPhase;
			buildActionMask = 2147483647;
			files = (
				E69A6D7020FF1627008C8C56 /* ViewController.swift in Sources */,
				E69A6D6E20FF1627008C8C56 /* AppDelegate.swift in Sources */,
			);
			runOnlyForDeploymentPostprocessing = 0;
		};
/* End PBXSourcesBuildPhase section */

/* Begin PBXVariantGroup section */
		E69A6D7120FF1627008C8C56 /* Main.storyboard */ = {
			isa = PBXVariantGroup;
			children = (
				E69A6D7220FF1627008C8C56 /* Base */,
			);
			name = Main.storyboard;
			sourceTree = "<group>";
		};
		E69A6D7620FF1627008C8C56 /* LaunchScreen.storyboard */ = {
			isa = PBXVariantGroup;
			children = (
				E69A6D7720FF1627008C8C56 /* Base */,
			);
			name = LaunchScreen.storyboard;
			sourceTree = "<group>";
		};
/* End PBXVariantGroup section */

/* Begin XCBuildConfiguration section */
		E69A6D7A20FF1627008C8C56 /* Debug */ = {
			isa = XCBuildConfiguration;
			buildSettings = {
				ALWAYS_SEARCH_USER_PATHS = NO;
				CLANG_ANALYZER_NONNULL = YES;
				CLANG_ANALYZER_NUMBER_OBJECT_CONVERSION = YES_AGGRESSIVE;
				CLANG_CXX_LANGUAGE_STANDARD = "gnu++14";
				CLANG_CXX_LIBRARY = "libc++";
				CLANG_ENABLE_MODULES = YES;
				CLANG_ENABLE_OBJC_ARC = YES;
				CLANG_WARN_BLOCK_CAPTURE_AUTORELEASING = YES;
				CLANG_WARN_BOOL_CONVERSION = YES;
				CLANG_WARN_COMMA = YES;
				CLANG_WARN_CONSTANT_CONVERSION = YES;
				CLANG_WARN_DIRECT_OBJC_ISA_USAGE = YES_ERROR;
				CLANG_WARN_DOCUMENTATION_COMMENTS = YES;
				CLANG_WARN_EMPTY_BODY = YES;
				CLANG_WARN_ENUM_CONVERSION = YES;
				CLANG_WARN_INFINITE_RECURSION = YES;
				CLANG_WARN_INT_CONVERSION = YES;
				CLANG_WARN_NON_LITERAL_NULL_CONVERSION = YES;
				CLANG_WARN_OBJC_LITERAL_CONVERSION = YES;
				CLANG_WARN_OBJC_ROOT_CLASS = YES_ERROR;
				CLANG_WARN_RANGE_LOOP_ANALYSIS = YES;
				CLANG_WARN_STRICT_PROTOTYPES = YES;
				CLANG_WARN_SUSPICIOUS_MOVE = YES;
				CLANG_WARN_UNGUARDED_AVAILABILITY = YES_AGGRESSIVE;
				CLANG_WARN_UNREACHABLE_CODE = YES;
				CLANG_WARN__DUPLICATE_METHOD_MATCH = YES;
				CODE_SIGN_IDENTITY = "iPhone Developer";
				COPY_PHASE_STRIP = NO;
				DEBUG_INFORMATION_FORMAT = dwarf;
				ENABLE_BITCODE = NO;
				ENABLE_STRICT_OBJC_MSGSEND = YES;
				ENABLE_TESTABILITY = YES;
				GCC_C_LANGUAGE_STANDARD = gnu11;
				GCC_DYNAMIC_NO_PIC = NO;
				GCC_NO_COMMON_BLOCKS = YES;
				GCC_OPTIMIZATION_LEVEL = 0;
				GCC_PREPROCESSOR_DEFINITIONS = (
					"DEBUG=1",
					"$(inherited)",
				);
				GCC_WARN_64_TO_32_BIT_CONVERSION = YES;
				GCC_WARN_ABOUT_RETURN_TYPE = YES_ERROR;
				GCC_WARN_UNDECLARED_SELECTOR = YES;
				GCC_WARN_UNINITIALIZED_AUTOS = YES_AGGRESSIVE;
				GCC_WARN_UNUSED_FUNCTION = YES;
				GCC_WARN_UNUSED_VARIABLE = YES;
				IPHONEOS_DEPLOYMENT_TARGET = 11.2;
				MTL_ENABLE_DEBUG_INFO = YES;
				ONLY_ACTIVE_ARCH = YES;
				SDKROOT = iphoneos;
				SWIFT_ACTIVE_COMPILATION_CONDITIONS = DEBUG;
				SWIFT_OPTIMIZATION_LEVEL = "-Onone";
			};
			name = Debug;
		};
		E69A6D7B20FF1627008C8C56 /* Release */ = {
			isa = XCBuildConfiguration;
			buildSettings = {
				ALWAYS_SEARCH_USER_PATHS = NO;
				CLANG_ANALYZER_NONNULL = YES;
				CLANG_ANALYZER_NUMBER_OBJECT_CONVERSION = YES_AGGRESSIVE;
				CLANG_CXX_LANGUAGE_STANDARD = "gnu++14";
				CLANG_CXX_LIBRARY = "libc++";
				CLANG_ENABLE_MODULES = YES;
				CLANG_ENABLE_OBJC_ARC = YES;
				CLANG_WARN_BLOCK_CAPTURE_AUTORELEASING = YES;
				CLANG_WARN_BOOL_CONVERSION = YES;
				CLANG_WARN_COMMA = YES;
				CLANG_WARN_CONSTANT_CONVERSION = YES;
				CLANG_WARN_DIRECT_OBJC_ISA_USAGE = YES_ERROR;
				CLANG_WARN_DOCUMENTATION_COMMENTS = YES;
				CLANG_WARN_EMPTY_BODY = YES;
				CLANG_WARN_ENUM_CONVERSION = YES;
				CLANG_WARN_INFINITE_RECURSION = YES;
				CLANG_WARN_INT_CONVERSION = YES;
				CLANG_WARN_NON_LITERAL_NULL_CONVERSION = YES;
				CLANG_WARN_OBJC_LITERAL_CONVERSION = YES;
				CLANG_WARN_OBJC_ROOT_CLASS = YES_ERROR;
				CLANG_WARN_RANGE_LOOP_ANALYSIS = YES;
				CLANG_WARN_STRICT_PROTOTYPES = YES;
				CLANG_WARN_SUSPICIOUS_MOVE = YES;
				CLANG_WARN_UNGUARDED_AVAILABILITY = YES_AGGRESSIVE;
				CLANG_WARN_UNREACHABLE_CODE = YES;
				CLANG_WARN__DUPLICATE_METHOD_MATCH = YES;
				CODE_SIGN_IDENTITY = "iPhone Developer";
				COPY_PHASE_STRIP = NO;
				DEBUG_INFORMATION_FORMAT = "dwarf-with-dsym";
				ENABLE_BITCODE = NO;
				ENABLE_NS_ASSERTIONS = NO;
				ENABLE_STRICT_OBJC_MSGSEND = YES;
				GCC_C_LANGUAGE_STANDARD = gnu11;
				GCC_NO_COMMON_BLOCKS = YES;
				GCC_WARN_64_TO_32_BIT_CONVERSION = YES;
				GCC_WARN_ABOUT_RETURN_TYPE = YES_ERROR;
				GCC_WARN_UNDECLARED_SELECTOR = YES;
				GCC_WARN_UNINITIALIZED_AUTOS = YES_AGGRESSIVE;
				GCC_WARN_UNUSED_FUNCTION = YES;
				GCC_WARN_UNUSED_VARIABLE = YES;
				IPHONEOS_DEPLOYMENT_TARGET = 11.2;
				MTL_ENABLE_DEBUG_INFO = NO;
				SDKROOT = iphoneos;
				SWIFT_OPTIMIZATION_LEVEL = "-Owholemodule";
				VALIDATE_PRODUCT = YES;
			};
			name = Release;
		};
		E69A6D7D20FF1627008C8C56 /* Debug */ = {
			isa = XCBuildConfiguration;
			buildSettings = {
				ASSETCATALOG_COMPILER_APPICON_NAME = AppIcon;
				CODE_SIGN_IDENTITY = "iPhone Developer: liouyuan@bysocity.com (ZZ95TVDK7D)";
				"CODE_SIGN_IDENTITY[sdk=iphoneos*]" = "iPhone Developer";
				CODE_SIGN_STYLE = Automatic;
				DEVELOPMENT_TEAM = 42Y86ZU65M;
				FRAMEWORK_SEARCH_PATHS = (
					"$(inherited)",
					"$(PROJECT_DIR)",
				);
				INFOPLIST_FILE = HelloWorldCallback/Info.plist;
				LD_RUNPATH_SEARCH_PATHS = "$(inherited) @executable_path/Frameworks";
				PRODUCT_BUNDLE_IDENTIFIER = com.iSing99.HelloWorldCallback;
				PRODUCT_NAME = "$(TARGET_NAME)";
				PROVISIONING_PROFILE_SPECIFIER = "";
				SWIFT_VERSION = 4.0;
				TARGETED_DEVICE_FAMILY = "1,2";
			};
			name = Debug;
		};
		E69A6D7E20FF1627008C8C56 /* Release */ = {
			isa = XCBuildConfiguration;
			buildSettings = {
				ASSETCATALOG_COMPILER_APPICON_NAME = AppIcon;
				CODE_SIGN_IDENTITY = "iPhone Developer: liouyuan@bysocity.com (ZZ95TVDK7D)";
				"CODE_SIGN_IDENTITY[sdk=iphoneos*]" = "iPhone Developer";
				CODE_SIGN_STYLE = Automatic;
				DEVELOPMENT_TEAM = 42Y86ZU65M;
				FRAMEWORK_SEARCH_PATHS = (
					"$(inherited)",
					"$(PROJECT_DIR)",
				);
				INFOPLIST_FILE = HelloWorldCallback/Info.plist;
				LD_RUNPATH_SEARCH_PATHS = "$(inherited) @executable_path/Frameworks";
				PRODUCT_BUNDLE_IDENTIFIER = com.iSing99.HelloWorldCallback;
				PRODUCT_NAME = "$(TARGET_NAME)";
				PROVISIONING_PROFILE_SPECIFIER = "";
				SWIFT_VERSION = 4.0;
				TARGETED_DEVICE_FAMILY = "1,2";
			};
			name = Release;
		};
/* End XCBuildConfiguration section */

/* Begin XCConfigurationList section */
		E69A6D6520FF1627008C8C56 /* Build configuration list for PBXProject "HelloWorldCallback" */ = {
			isa = XCConfigurationList;
			buildConfigurations = (
				E69A6D7A20FF1627008C8C56 /* Debug */,
				E69A6D7B20FF1627008C8C56 /* Release */,
			);
			defaultConfigurationIsVisible = 0;
			defaultConfigurationName = Release;
		};
		E69A6D7C20FF1627008C8C56 /* Build configuration list for PBXNativeTarget "HelloWorldCallback" */ = {
			isa = XCConfigurationList;
			buildConfigurations = (
				E69A6D7D20FF1627008C8C56 /* Debug */,
				E69A6D7E20FF1627008C8C56 /* Release */,
			);
			defaultConfigurationIsVisible = 0;
			defaultConfigurationName = Release;
		};
/* End XCConfigurationList section */
	};
	rootObject = E69A6D6220FF1627008C8C56 /* Project object */;
}
